Microsoft Visual Studio Solution File, Format Version 11.00
# Visual Studio 2017

Project("{8BC9CEB8-8B4A-11D0-8D11-00A0C91BC942}") = "Harmonic Spectrum - App", "Harmonic Spectrum_App.vcxproj", "{9FA0DED8-420D-04E3-2B59-C79D9AE5EFA9}"
EndProject
Global
	GlobalSection(SolutionConfigurationPlatforms) = preSolution
		Debug|x64 = Debug|x64
		Release|x64 = Release|x64
	EndGlobalSection
	GlobalSection(ProjectConfigurationPlatforms) = postSolution
		{9FA0DED8-420D-04E3-2B59-C79D9AE5EFA9}.Debug|x64.ActiveCfg = Debug|x64
		{9FA0DED8-420D-04E3-2B59-C79D9AE5EFA9}.Debug|x64.Build.0 = Debug|x64
		{9FA0DED8-420D-04E3-2B59-C79D9AE5EFA9}.Release|x64.ActiveCfg = Release|x64
		{9FA0DED8-420D-04E3-2B59-C79D9AE5EFA9}.Release|x64.Build.0 = Release|x64
	EndGlobalSection
	GlobalSection(SolutionProperties) = preSolution
		HideSolutionNode = FALSE
	EndGlobalSection
EndGlobal
