// !$*UTF8*$!
{
	archiveVersion = 1;
	classes = {
	};
	objectVersion = 46;
	objects = {

/* Begin PBXBuildFile section */
		00602D39F367CA1FB0885787 /* DiscRecording.framework in Frameworks */ = {isa = PBXBuildFile; fileRef = 3EC07D9D8A1C48B2FE10DECB /* DiscRecording.framework */; };
		097D4EFBE9B63F344D56C85B /* include_juce_audio_utils.mm in Sources */ = {isa = PBXBuildFile; fileRef = A2DD16AAABD590384B31C396 /* include_juce_audio_utils.mm */; };
		0AB2A4E964CA66E4F83FAD0A /* AudioToolbox.framework in Frameworks */ = {isa = PBXBuildFile; fileRef = D47C65CB7DB8FB8DE24E75BF /* AudioToolbox.framework */; };
		1535073DF19F79A3366D8D52 /* AnswerChecker.cpp in Sources */ = {isa = PBXBuildFile; fileRef = 05FC7230161A8D465D693584 /* AnswerChecker.cpp */; };
		16EDA469544FCDF17899D209 /* Config.cpp in Sources */ = {isa = PBXBuildFile; fileRef = 927574BF960B848DDEF2B337 /* Config.cpp */; };
		28AB2BA3AB09BBC225337386 /* include_juce_data_structures.mm in Sources */ = {isa = PBXBuildFile; fileRef = AC0B00D98A4C46851F41BBB0 /* include_juce_data_structures.mm */; };
		2C6768F059FA54F99FE890FE /* include_juce_audio_basics.mm in Sources */ = {isa = PBXBuildFile; fileRef = 4B90D6616A4442080B852F02 /* include_juce_audio_basics.mm */; };
		3272A6FCD0C06F21E7461CB6 /* WebKit.framework in Frameworks */ = {isa = PBXBuildFile; fileRef = 907DF3B79394CB680A14122B /* WebKit.framework */; };
		3F4EEDA18DCF8DBE15FCF592 /* Carbon.framework in Frameworks */ = {isa = PBXBuildFile; fileRef = 57FD5CDA9D03E7346D3D6BE0 /* Carbon.framework */; };
		3F846F344CF0A48A19A6EFBF /* include_juce_audio_devices.mm in Sources */ = {isa = PBXBuildFile; fileRef = 3A73309DB2F0107500B0D58F /* include_juce_audio_devices.mm */; };
		3FC69D91EEA2FFADC25ED553 /* include_juce_events.mm in Sources */ = {isa = PBXBuildFile; fileRef = E7BF9646132AC400C9C62271 /* include_juce_events.mm */; };
		4BCFCB6A85FD755AA4E77E7E /* OpenGL.framework in Frameworks */ = {isa = PBXBuildFile; fileRef = F32845FFCBC5A2A1D0069E3A /* OpenGL.framework */; };
		4C3C89D947BB7273A9502494 /* include_juce_opengl.mm in Sources */ = {isa = PBXBuildFile; fileRef = 71710690CB8FDCB470B4866B /* include_juce_opengl.mm */; };
		4CF2D9CA9A76B3A24633E328 /* include_juce_video.mm in Sources */ = {isa = PBXBuildFile; fileRef = 537BBDB684B22E3FFBE82E0D /* include_juce_video.mm */; };
		56061A5D130D7C43850D8F8B /* BinaryData.cpp in Sources */ = {isa = PBXBuildFile; fileRef = 3BA9BBD3DA196A8C276DFE30 /* BinaryData.cpp */; };
		56E56EEE8911C87E1C33B8A5 /* CoreMIDI.framework in Frameworks */ = {isa = PBXBuildFile; fileRef = 2DD8A5284C6ABCAA9C742B62 /* CoreMIDI.framework */; };
		69E730465E857B00A829DB86 /* include_juce_audio_processors.mm in Sources */ = {isa = PBXBuildFile; fileRef = 52E0D22B0015CC8CFB6A7198 /* include_juce_audio_processors.mm */; };
		7566F3A1B66C0076117AF4F5 /* StatsBuilder.cpp in Sources */ = {isa = PBXBuildFile; fileRef = 753454AC440FCEBBCC15CB2F /* StatsBuilder.cpp */; };
		855441E5C0A88951415C9D66 /* MainApplication.cpp in Sources */ = {isa = PBXBuildFile; fileRef = 64240E580A5D043A76AB163C /* MainApplication.cpp */; };
		89CCD2836A2DB89A4BD42B99 /* Cocoa.framework in Frameworks */ = {isa = PBXBuildFile; fileRef = 31EA136230F39DED561E020F /* Cocoa.framework */; };
		9D0C06CBC8BA9ABAD1E4C94F /* include_juce_cryptography.mm in Sources */ = {isa = PBXBuildFile; fileRef = 26033E93317D5913C4804147 /* include_juce_cryptography.mm */; };
		A06132F0B969C72278E3FA12 /* AVFoundation.framework in Frameworks */ = {isa = PBXBuildFile; fileRef = 14CF71C2C30179EA90B29313 /* AVFoundation.framework */; };
		A139A428F8839B47327A414E /* CoreAudio.framework in Frameworks */ = {isa = PBXBuildFile; fileRef = 13C5E225F6DEE7BB5F514741 /* CoreAudio.framework */; };
		A3EE47A2583EEBC482A9A41E /* include_juce_graphics.mm in Sources */ = {isa = PBXBuildFile; fileRef = CC712DE3127F804094EF454A /* include_juce_graphics.mm */; };
		A530AB6C901310103B83A9F1 /* include_juce_core.mm in Sources */ = {isa = PBXBuildFile; fileRef = 7789CC0F156C2D94CB4938A5 /* include_juce_core.mm */; };
		A95C8C217409EE9A6A2199D9 /* CoreMedia.framework in Frameworks */ = {isa = PBXBuildFile; fileRef = BBE8D9B62FC33EA391F7CA5B /* CoreMedia.framework */; };
		ABFAAB284A0AD2A44DE6F076 /* QuartzCore.framework in Frameworks */ = {isa = PBXBuildFile; fileRef = 846498D60D9486F7AF032EDF /* QuartzCore.framework */; };
		B048F8BFA3E38C948A54F523 /* RecentFilesMenuTemplate.nib in Resources */ = {isa = PBXBuildFile; fileRef = A57CF0E12783FC6E1CB22B25 /* RecentFilesMenuTemplate.nib */; };
		B53FADDE9F951FB02F366477 /* include_juce_gui_extra.mm in Sources */ = {isa = PBXBuildFile; fileRef = 3388A721F75F6D344D823044 /* include_juce_gui_extra.mm */; };
		BAF8ACA1BED86CA24B424526 /* Accelerate.framework in Frameworks */ = {isa = PBXBuildFile; fileRef = DDBEBC03AC3A28047B3EEC87 /* Accelerate.framework */; };
		C0146DCC8397E5665DDB79F2 /* Main.cpp in Sources */ = {isa = PBXBuildFile; fileRef = FF116E5D4118DC18A538A2AB /* Main.cpp */; };
		C7941FBEC6B468FEA11C1E64 /* include_juce_gui_basics.mm in Sources */ = {isa = PBXBuildFile; fileRef = AC35335FF94866EAA675A939 /* include_juce_gui_basics.mm */; };
		C7E603D6288A6552783AB19A /* QuestionBuilder.cpp in Sources */ = {isa = PBXBuildFile; fileRef = 6D90D89E2C2DC2C5FA973D67 /* QuestionBuilder.cpp */; };
		CD8558028C96D2AA8712C4E0 /* include_juce_audio_formats.mm in Sources */ = {isa = PBXBuildFile; fileRef = F00D41D20DFDBE874FB9B545 /* include_juce_audio_formats.mm */; };
		E2B8AE7B9AC316D5BB823426 /* AudioDeviceCustom.cpp in Sources */ = {isa = PBXBuildFile; fileRef = CF06617418BC8A0AEDE1AD08 /* AudioDeviceCustom.cpp */; };
		E3914982B8A13E2DE498B723 /* ReportBuilder.cpp in Sources */ = {isa = PBXBuildFile; fileRef = C0EBC56D5FDC592DC3C42120 /* ReportBuilder.cpp */; };
		F068C990D55F07BC427A0A4B /* Synthesis.cpp in Sources */ = {isa = PBXBuildFile; fileRef = 002D0202AC1C62CF832DCDF8 /* Synthesis.cpp */; };
		F83BE2B85003CF4B58E334C1 /* IOKit.framework in Frameworks */ = {isa = PBXBuildFile; fileRef = 701BCF7D49EB1EBEAA12BB57 /* IOKit.framework */; };
/* End PBXBuildFile section */

/* Begin PBXFileReference section */
		002D0202AC1C62CF832DCDF8 /* Synthesis.cpp */ = {isa = PBXFileReference; lastKnownFileType = sourcecode.cpp.cpp; name = Synthesis.cpp; path = ../../Source/core/audio/Synthesis.cpp; sourceTree = SOURCE_ROOT; };
		01DA0BBDB8F6B61D89B04839 /* MatrixView.h */ = {isa = PBXFileReference; lastKnownFileType = sourcecode.c.h; name = MatrixView.h; path = ../../Source/gui/MatrixView.h; sourceTree = SOURCE_ROOT; };
		0379A2295FDD7B68AAB52645 /* User.h */ = {isa = PBXFileReference; lastKnownFileType = sourcecode.c.h; name = User.h; path = ../../Source/core/User.h; sourceTree = SOURCE_ROOT; };
		03D342A00C3A0B93270889A0 /* InnerEar Harmonic Spectrum.app */ = {isa = PBXFileReference; explicitFileType = wrapper.application; includeInIndex = 0; path = "InnerEar Harmonic Spectrum.app"; sourceTree = BUILT_PRODUCTS_DIR; };
		05D7D24DB65600E061AB63EF /* 6.png */ = {isa = PBXFileReference; lastKnownFileType = image.png; name = 6.png; path = ../../Source/gui/img/ratios/6.png; sourceTree = SOURCE_ROOT; };
		05FC7230161A8D465D693584 /* AnswerChecker.cpp */ = {isa = PBXFileReference; lastKnownFileType = sourcecode.cpp.cpp; name = AnswerChecker.cpp; path = ../../Source/core/AnswerChecker.cpp; sourceTree = SOURCE_ROOT; };
		0A1F75871D4C276041B9F0C9 /* UserConfigView.h */ = {isa = PBXFileReference; lastKnownFileType = sourcecode.c.h; name = UserConfigView.h; path = ../../Source/gui/UserConfigView.h; sourceTree = SOURCE_ROOT; };
		0B3EEA4228B37E4ACE01D764 /* Question.h */ = {isa = PBXFileReference; lastKnownFileType = sourcecode.c.h; name = Question.h; path = ../../Source/core/Question.h; sourceTree = SOURCE_ROOT; };
		0C259844BA0E869FCF39A27F /* 3.png */ = {isa = PBXFileReference; lastKnownFileType = image.png; name = 3.png; path = ../../Source/gui/img/ratios/3.png; sourceTree = SOURCE_ROOT; };
		0E5127F2C3103A04CB32474C /* ExerciseConfigView.h */ = {isa = PBXFileReference; lastKnownFileType = sourcecode.c.h; name = ExerciseConfigView.h; path = ../../Source/gui/ExerciseConfigView.h; sourceTree = SOURCE_ROOT; };
		10D74B11869BF5459FB96361 /* Config.h */ = {isa = PBXFileReference; lastKnownFileType = sourcecode.c.h; name = Config.h; path = ../../Source/core/Config.h; sourceTree = SOURCE_ROOT; };
		13C5E225F6DEE7BB5F514741 /* CoreAudio.framework */ = {isa = PBXFileReference; lastKnownFileType = wrapper.framework; name = CoreAudio.framework; path = System/Library/Frameworks/CoreAudio.framework; sourceTree = SDKROOT; };
		14CF71C2C30179EA90B29313 /* AVFoundation.framework */ = {isa = PBXFileReference; lastKnownFileType = wrapper.framework; name = AVFoundation.framework; path = System/Library/Frameworks/AVFoundation.framework; sourceTree = SDKROOT; };
		17F002C2DB41A11D74C9502A /* 1.png */ = {isa = PBXFileReference; lastKnownFileType = image.png; name = 1.png; path = ../../Source/gui/img/ratios/1.png; sourceTree = SOURCE_ROOT; };
		1D9F9D322CE2181E6E623E85 /* juce_cryptography */ = {isa = PBXFileReference; lastKnownFileType = folder; name = juce_cryptography; path = ../../modules/juce_cryptography; sourceTree = SOURCE_ROOT; };
		1EADDE372C93A7699B101677 /* 8.png */ = {isa = PBXFileReference; lastKnownFileType = image.png; name = 8.png; path = ../../Source/gui/img/ratios/8.png; sourceTree = SOURCE_ROOT; };
		21730B32E03B82A2FF75265D /* MainApplication.h */ = {isa = PBXFileReference; lastKnownFileType = sourcecode.c.h; name = MainApplication.h; path = ../../Source/gui/MainApplication.h; sourceTree = SOURCE_ROOT; };
		229BB62FCB093306EE540175 /* 9.png */ = {isa = PBXFileReference; lastKnownFileType = image.png; name = 9.png; path = ../../Source/gui/img/ratios/9.png; sourceTree = SOURCE_ROOT; };
		23B7085047A7C361C4BD2EC6 /* AudioDeviceCustom.h */ = {isa = PBXFileReference; lastKnownFileType = sourcecode.c.h; name = AudioDeviceCustom.h; path = ../../Source/core/audio/AudioDeviceCustom.h; sourceTree = SOURCE_ROOT; };
		26033E93317D5913C4804147 /* include_juce_cryptography.mm */ = {isa = PBXFileReference; lastKnownFileType = sourcecode.cpp.objcpp; name = include_juce_cryptography.mm; path = ../../JuceLibraryCode/include_juce_cryptography.mm; sourceTree = SOURCE_ROOT; };
		29AD706D3275605B05B0BAD5 /* juce_events */ = {isa = PBXFileReference; lastKnownFileType = folder; name = juce_events; path = ../../modules/juce_events; sourceTree = SOURCE_ROOT; };
		2DD8A5284C6ABCAA9C742B62 /* CoreMIDI.framework */ = {isa = PBXFileReference; lastKnownFileType = wrapper.framework; name = CoreMIDI.framework; path = System/Library/Frameworks/CoreMIDI.framework; sourceTree = SDKROOT; };
		2EBEEA6CF76368F0B539C133 /* Comment.h */ = {isa = PBXFileReference; lastKnownFileType = sourcecode.c.h; name = Comment.h; path = ../../Source/core/Comment.h; sourceTree = SOURCE_ROOT; };
		30595219AF78D2E00F10D0A5 /* 4.png */ = {isa = PBXFileReference; lastKnownFileType = image.png; name = 4.png; path = ../../Source/gui/img/ratios/4.png; sourceTree = SOURCE_ROOT; };
		30D73738E15B847226B33983 /* juce_opengl */ = {isa = PBXFileReference; lastKnownFileType = folder; name = juce_opengl; path = ../../modules/juce_opengl; sourceTree = SOURCE_ROOT; };
		30D9E55D5DC72A27ECD9CAEF /* 5.png */ = {isa = PBXFileReference; lastKnownFileType = image.png; name = 5.png; path = ../../Source/gui/img/ratios/5.png; sourceTree = SOURCE_ROOT; };
		319B0E61974E138CDFA6184C /* ReportBuilder.h */ = {isa = PBXFileReference; lastKnownFileType = sourcecode.c.h; name = ReportBuilder.h; path = ../../Source/core/ReportBuilder.h; sourceTree = SOURCE_ROOT; };
		31EA136230F39DED561E020F /* Cocoa.framework */ = {isa = PBXFileReference; lastKnownFileType = wrapper.framework; name = Cocoa.framework; path = System/Library/Frameworks/Cocoa.framework; sourceTree = SDKROOT; };
		323AD5ED897E89254DF18473 /* StatsBar.h */ = {isa = PBXFileReference; lastKnownFileType = sourcecode.c.h; name = StatsBar.h; path = ../../Source/gui/components/StatsBar.h; sourceTree = SOURCE_ROOT; };
		3388A721F75F6D344D823044 /* include_juce_gui_extra.mm */ = {isa = PBXFileReference; lastKnownFileType = sourcecode.cpp.objcpp; name = include_juce_gui_extra.mm; path = ../../JuceLibraryCode/include_juce_gui_extra.mm; sourceTree = SOURCE_ROOT; };
		3949B1FF2B1ED31A4B0F8309 /* logo.png */ = {isa = PBXFileReference; lastKnownFileType = image.png; name = logo.png; path = ../../Source/gui/img/logo.png; sourceTree = SOURCE_ROOT; };
		3A73309DB2F0107500B0D58F /* include_juce_audio_devices.mm */ = {isa = PBXFileReference; lastKnownFileType = sourcecode.cpp.objcpp; name = include_juce_audio_devices.mm; path = ../../JuceLibraryCode/include_juce_audio_devices.mm; sourceTree = SOURCE_ROOT; };
		3BA17B430F13EC7D450C6C08 /* juce_audio_devices */ = {isa = PBXFileReference; lastKnownFileType = folder; name = juce_audio_devices; path = ../../modules/juce_audio_devices; sourceTree = SOURCE_ROOT; };
		3BA9BBD3DA196A8C276DFE30 /* BinaryData.cpp */ = {isa = PBXFileReference; lastKnownFileType = sourcecode.cpp.cpp; name = BinaryData.cpp; path = ../../JuceLibraryCode/BinaryData.cpp; sourceTree = SOURCE_ROOT; };
		3EC07D9D8A1C48B2FE10DECB /* DiscRecording.framework */ = {isa = PBXFileReference; lastKnownFileType = wrapper.framework; name = DiscRecording.framework; path = System/Library/Frameworks/DiscRecording.framework; sourceTree = SDKROOT; };
		48207CAF0DE9D2BB741D8227 /* 10.png */ = {isa = PBXFileReference; lastKnownFileType = image.png; name = 10.png; path = ../../Source/gui/img/ratios/10.png; sourceTree = SOURCE_ROOT; };
		4888EE2C24AB889BDF3E2DA7 /* StatsBuilder.h */ = {isa = PBXFileReference; lastKnownFileType = sourcecode.c.h; name = StatsBuilder.h; path = ../../Source/core/StatsBuilder.h; sourceTree = SOURCE_ROOT; };
		4A686398DF6679DC21AA4CFE /* BinaryData.h */ = {isa = PBXFileReference; lastKnownFileType = sourcecode.c.h; name = BinaryData.h; path = ../../JuceLibraryCode/BinaryData.h; sourceTree = SOURCE_ROOT; };
		4B90D6616A4442080B852F02 /* include_juce_audio_basics.mm */ = {isa = PBXFileReference; lastKnownFileType = sourcecode.cpp.objcpp; name = include_juce_audio_basics.mm; path = ../../JuceLibraryCode/include_juce_audio_basics.mm; sourceTree = SOURCE_ROOT; };
		4ECEEBAD6CAB0AB22AACA3BC /* CustomTimer.h */ = {isa = PBXFileReference; lastKnownFileType = sourcecode.c.h; name = CustomTimer.h; path = ../../Source/utils/CustomTimer.h; sourceTree = SOURCE_ROOT; };
		50771BC15E6CC3A47553E4DB /* 2.png */ = {isa = PBXFileReference; lastKnownFileType = image.png; name = 2.png; path = ../../Source/gui/img/ratios/2.png; sourceTree = SOURCE_ROOT; };
		52E0D22B0015CC8CFB6A7198 /* include_juce_audio_processors.mm */ = {isa = PBXFileReference; lastKnownFileType = sourcecode.cpp.objcpp; name = include_juce_audio_processors.mm; path = ../../JuceLibraryCode/include_juce_audio_processors.mm; sourceTree = SOURCE_ROOT; };
		537BBDB684B22E3FFBE82E0D /* include_juce_video.mm */ = {isa = PBXFileReference; lastKnownFileType = sourcecode.cpp.objcpp; name = include_juce_video.mm; path = ../../JuceLibraryCode/include_juce_video.mm; sourceTree = SOURCE_ROOT; };
		560967F3C9E78ABFA83FF8C4 /* juce_audio_basics */ = {isa = PBXFileReference; lastKnownFileType = folder; name = juce_audio_basics; path = ../../modules/juce_audio_basics; sourceTree = SOURCE_ROOT; };
		57FD5CDA9D03E7346D3D6BE0 /* Carbon.framework */ = {isa = PBXFileReference; lastKnownFileType = wrapper.framework; name = Carbon.framework; path = System/Library/Frameworks/Carbon.framework; sourceTree = SDKROOT; };
		58B6EE9EC01D2425BE79BD60 /* Partials.h */ = {isa = PBXFileReference; lastKnownFileType = sourcecode.c.h; name = Partials.h; path = ../../Source/core/Partials.h; sourceTree = SOURCE_ROOT; };
		5C4DF8DB5661DE9143B2C2BA /* AudioSettings.h */ = {isa = PBXFileReference; lastKnownFileType = sourcecode.c.h; name = AudioSettings.h; path = ../../Source/gui/menu/AudioSettings.h; sourceTree = SOURCE_ROOT; };
		64240E580A5D043A76AB163C /* MainApplication.cpp */ = {isa = PBXFileReference; lastKnownFileType = sourcecode.cpp.cpp; name = MainApplication.cpp; path = ../../Source/gui/MainApplication.cpp; sourceTree = SOURCE_ROOT; };
		66BE8FAAE0BF77E78FDEF901 /* JuceHeader.h */ = {isa = PBXFileReference; lastKnownFileType = sourcecode.c.h; name = JuceHeader.h; path = ../../JuceLibraryCode/JuceHeader.h; sourceTree = SOURCE_ROOT; };
		6D90D89E2C2DC2C5FA973D67 /* QuestionBuilder.cpp */ = {isa = PBXFileReference; lastKnownFileType = sourcecode.cpp.cpp; name = QuestionBuilder.cpp; path = ../../Source/core/QuestionBuilder.cpp; sourceTree = SOURCE_ROOT; };
		6E77E53CA047AF8F6545EEF7 /* MainWindow.h */ = {isa = PBXFileReference; lastKnownFileType = sourcecode.c.h; name = MainWindow.h; path = ../../Source/gui/MainWindow.h; sourceTree = SOURCE_ROOT; };
		6F6E0E3AAF57AC959B875543 /* QuestionBuilder.h */ = {isa = PBXFileReference; lastKnownFileType = sourcecode.c.h; name = QuestionBuilder.h; path = ../../Source/core/QuestionBuilder.h; sourceTree = SOURCE_ROOT; };
		701BCF7D49EB1EBEAA12BB57 /* IOKit.framework */ = {isa = PBXFileReference; lastKnownFileType = wrapper.framework; name = IOKit.framework; path = System/Library/Frameworks/IOKit.framework; sourceTree = SDKROOT; };
		71710690CB8FDCB470B4866B /* include_juce_opengl.mm */ = {isa = PBXFileReference; lastKnownFileType = sourcecode.cpp.objcpp; name = include_juce_opengl.mm; path = ../../JuceLibraryCode/include_juce_opengl.mm; sourceTree = SOURCE_ROOT; };
		73D1D1C9CE3D8F6A01115A35 /* StatsSheet.h */ = {isa = PBXFileReference; lastKnownFileType = sourcecode.c.h; name = StatsSheet.h; path = ../../Source/core/StatsSheet.h; sourceTree = SOURCE_ROOT; };
		753454AC440FCEBBCC15CB2F /* StatsBuilder.cpp */ = {isa = PBXFileReference; lastKnownFileType = sourcecode.cpp.cpp; name = StatsBuilder.cpp; path = ../../Source/core/StatsBuilder.cpp; sourceTree = SOURCE_ROOT; };
		7789CC0F156C2D94CB4938A5 /* include_juce_core.mm */ = {isa = PBXFileReference; lastKnownFileType = sourcecode.cpp.objcpp; name = include_juce_core.mm; path = ../../JuceLibraryCode/include_juce_core.mm; sourceTree = SOURCE_ROOT; };
		7D149F2C4C05355A160FE20D /* AppConfig.h */ = {isa = PBXFileReference; lastKnownFileType = sourcecode.c.h; name = AppConfig.h; path = ../../JuceLibraryCode/AppConfig.h; sourceTree = SOURCE_ROOT; };
		80DD879FB5D3BCC63DC8FE1F /* MainComponent.h */ = {isa = PBXFileReference; lastKnownFileType = sourcecode.c.h; name = MainComponent.h; path = ../../Source/MainComponent.h; sourceTree = SOURCE_ROOT; };
		846498D60D9486F7AF032EDF /* QuartzCore.framework */ = {isa = PBXFileReference; lastKnownFileType = wrapper.framework; name = QuartzCore.framework; path = System/Library/Frameworks/QuartzCore.framework; sourceTree = SDKROOT; };
		8766AFF2605A3C9BFCED446A /* AudioTestComponent.h */ = {isa = PBXFileReference; lastKnownFileType = sourcecode.c.h; name = AudioTestComponent.h; path = ../../Source/AudioTestComponent.h; sourceTree = SOURCE_ROOT; };
		907DF3B79394CB680A14122B /* WebKit.framework */ = {isa = PBXFileReference; lastKnownFileType = wrapper.framework; name = WebKit.framework; path = System/Library/Frameworks/WebKit.framework; sourceTree = SDKROOT; };
		927574BF960B848DDEF2B337 /* Config.cpp */ = {isa = PBXFileReference; lastKnownFileType = sourcecode.cpp.cpp; name = Config.cpp; path = ../../Source/core/Config.cpp; sourceTree = SOURCE_ROOT; };
		9B9AA1840E910FB5BB9AD908 /* juce_video */ = {isa = PBXFileReference; lastKnownFileType = folder; name = juce_video; path = ../../modules/juce_video; sourceTree = SOURCE_ROOT; };
		9CF683FFD424F3DC57E2FB46 /* Synthesis.h */ = {isa = PBXFileReference; lastKnownFileType = sourcecode.c.h; name = Synthesis.h; path = ../../Source/core/audio/Synthesis.h; sourceTree = SOURCE_ROOT; };
		A2DD16AAABD590384B31C396 /* include_juce_audio_utils.mm */ = {isa = PBXFileReference; lastKnownFileType = sourcecode.cpp.objcpp; name = include_juce_audio_utils.mm; path = ../../JuceLibraryCode/include_juce_audio_utils.mm; sourceTree = SOURCE_ROOT; };
		A57CF0E12783FC6E1CB22B25 /* RecentFilesMenuTemplate.nib */ = {isa = PBXFileReference; lastKnownFileType = file.nib; path = RecentFilesMenuTemplate.nib; sourceTree = SOURCE_ROOT; };
		AA3DC832F7AFED314FC19B21 /* juce_audio_utils */ = {isa = PBXFileReference; lastKnownFileType = folder; name = juce_audio_utils; path = ../../modules/juce_audio_utils; sourceTree = SOURCE_ROOT; };
		AC0B00D98A4C46851F41BBB0 /* include_juce_data_structures.mm */ = {isa = PBXFileReference; lastKnownFileType = sourcecode.cpp.objcpp; name = include_juce_data_structures.mm; path = ../../JuceLibraryCode/include_juce_data_structures.mm; sourceTree = SOURCE_ROOT; };
		AC35335FF94866EAA675A939 /* include_juce_gui_basics.mm */ = {isa = PBXFileReference; lastKnownFileType = sourcecode.cpp.objcpp; name = include_juce_gui_basics.mm; path = ../../JuceLibraryCode/include_juce_gui_basics.mm; sourceTree = SOURCE_ROOT; };
		AD1BAE3225072C127ECE1E76 /* juce_audio_formats */ = {isa = PBXFileReference; lastKnownFileType = folder; name = juce_audio_formats; path = ../../modules/juce_audio_formats; sourceTree = SOURCE_ROOT; };
		B8D98AE03584EC29488128F2 /* RatioFormula.h */ = {isa = PBXFileReference; lastKnownFileType = sourcecode.c.h; name = RatioFormula.h; path = ../../Source/gui/components/RatioFormula.h; sourceTree = SOURCE_ROOT; };
		BA50D2F0F9859695B530DCA2 /* Session.h */ = {isa = PBXFileReference; lastKnownFileType = sourcecode.c.h; name = Session.h; path = ../../Source/core/Session.h; sourceTree = SOURCE_ROOT; };
		BBE8D9B62FC33EA391F7CA5B /* CoreMedia.framework */ = {isa = PBXFileReference; lastKnownFileType = wrapper.framework; name = CoreMedia.framework; path = System/Library/Frameworks/CoreMedia.framework; sourceTree = SDKROOT; };
		C068F15671E0FFADE0AC955A /* ColourSquare.h */ = {isa = PBXFileReference; lastKnownFileType = sourcecode.c.h; name = ColourSquare.h; path = ../../Source/gui/components/ColourSquare.h; sourceTree = SOURCE_ROOT; };
		C0EBC56D5FDC592DC3C42120 /* ReportBuilder.cpp */ = {isa = PBXFileReference; lastKnownFileType = sourcecode.cpp.cpp; name = ReportBuilder.cpp; path = ../../Source/core/ReportBuilder.cpp; sourceTree = SOURCE_ROOT; };
		C17AE8E43C297AE9BF5953E9 /* HeaderView.h */ = {isa = PBXFileReference; lastKnownFileType = sourcecode.c.h; name = HeaderView.h; path = ../../Source/gui/HeaderView.h; sourceTree = SOURCE_ROOT; };
		C29E034F437BAF1A85653BBA /* juce_data_structures */ = {isa = PBXFileReference; lastKnownFileType = folder; name = juce_data_structures; path = ../../modules/juce_data_structures; sourceTree = SOURCE_ROOT; };
		C2BEAB8A9B31F70637CD00CE /* juce_gui_basics */ = {isa = PBXFileReference; lastKnownFileType = folder; name = juce_gui_basics; path = ../../modules/juce_gui_basics; sourceTree = SOURCE_ROOT; };
		C878952983106C28B6729C58 /* Info-App.plist */ = {isa = PBXFileReference; lastKnownFileType = text.plist.xml; path = "Info-App.plist"; sourceTree = SOURCE_ROOT; };
		C8CB8C4B8E0C9C98791C83F9 /* juce_gui_extra */ = {isa = PBXFileReference; lastKnownFileType = folder; name = juce_gui_extra; path = ../../modules/juce_gui_extra; sourceTree = SOURCE_ROOT; };
		CC712DE3127F804094EF454A /* include_juce_graphics.mm */ = {isa = PBXFileReference; lastKnownFileType = sourcecode.cpp.objcpp; name = include_juce_graphics.mm; path = ../../JuceLibraryCode/include_juce_graphics.mm; sourceTree = SOURCE_ROOT; };
		CF06617418BC8A0AEDE1AD08 /* AudioDeviceCustom.cpp */ = {isa = PBXFileReference; lastKnownFileType = sourcecode.cpp.cpp; name = AudioDeviceCustom.cpp; path = ../../Source/core/audio/AudioDeviceCustom.cpp; sourceTree = SOURCE_ROOT; };
		CFC062583CC4593B9CABE698 /* AnswerChecker.h */ = {isa = PBXFileReference; lastKnownFileType = sourcecode.c.h; name = AnswerChecker.h; path = ../../Source/core/AnswerChecker.h; sourceTree = SOURCE_ROOT; };
		D39D9E669B8884A9D3EC4D95 /* VolumeView.h */ = {isa = PBXFileReference; lastKnownFileType = sourcecode.c.h; name = VolumeView.h; path = ../../Source/gui/VolumeView.h; sourceTree = SOURCE_ROOT; };
		D47C65CB7DB8FB8DE24E75BF /* AudioToolbox.framework */ = {isa = PBXFileReference; lastKnownFileType = wrapper.framework; name = AudioToolbox.framework; path = System/Library/Frameworks/AudioToolbox.framework; sourceTree = SDKROOT; };
		DB4BD6F2525B126FDB46C15B /* StatsView.h */ = {isa = PBXFileReference; lastKnownFileType = sourcecode.c.h; name = StatsView.h; path = ../../Source/gui/StatsView.h; sourceTree = SOURCE_ROOT; };
		DDBEBC03AC3A28047B3EEC87 /* Accelerate.framework */ = {isa = PBXFileReference; lastKnownFileType = wrapper.framework; name = Accelerate.framework; path = System/Library/Frameworks/Accelerate.framework; sourceTree = SDKROOT; };
		DDF8309E342D0D55EE41A434 /* juce_core */ = {isa = PBXFileReference; lastKnownFileType = folder; name = juce_core; path = ../../modules/juce_core; sourceTree = SOURCE_ROOT; };
		E5909B081831D25379D2D592 /* 7.png */ = {isa = PBXFileReference; lastKnownFileType = image.png; name = 7.png; path = ../../Source/gui/img/ratios/7.png; sourceTree = SOURCE_ROOT; };
		E7BF9646132AC400C9C62271 /* include_juce_events.mm */ = {isa = PBXFileReference; lastKnownFileType = sourcecode.cpp.objcpp; name = include_juce_events.mm; path = ../../JuceLibraryCode/include_juce_events.mm; sourceTree = SOURCE_ROOT; };
		EFEC2A7A759B190986D21CA4 /* juce_graphics */ = {isa = PBXFileReference; lastKnownFileType = folder; name = juce_graphics; path = ../../modules/juce_graphics; sourceTree = SOURCE_ROOT; };
		F00D41D20DFDBE874FB9B545 /* include_juce_audio_formats.mm */ = {isa = PBXFileReference; lastKnownFileType = sourcecode.cpp.objcpp; name = include_juce_audio_formats.mm; path = ../../JuceLibraryCode/include_juce_audio_formats.mm; sourceTree = SOURCE_ROOT; };
		F32845FFCBC5A2A1D0069E3A /* OpenGL.framework */ = {isa = PBXFileReference; lastKnownFileType = wrapper.framework; name = OpenGL.framework; path = System/Library/Frameworks/OpenGL.framework; sourceTree = SDKROOT; };
		F7757F33C9497434034B63E5 /* juce_audio_processors */ = {isa = PBXFileReference; lastKnownFileType = folder; name = juce_audio_processors; path = ../../modules/juce_audio_processors; sourceTree = SOURCE_ROOT; };
		F8200D00925CBEDE5EAAA9F8 /* Report.h */ = {isa = PBXFileReference; lastKnownFileType = sourcecode.c.h; name = Report.h; path = ../../Source/core/Report.h; sourceTree = SOURCE_ROOT; };
		FF116E5D4118DC18A538A2AB /* Main.cpp */ = {isa = PBXFileReference; lastKnownFileType = sourcecode.cpp.cpp; name = Main.cpp; path = ../../Source/Main.cpp; sourceTree = SOURCE_ROOT; };
/* End PBXFileReference section */

/* Begin PBXFrameworksBuildPhase section */
		3B1EFBE76AF96871A7D47A20 /* Frameworks */ = {
			isa = PBXFrameworksBuildPhase;
			buildActionMask = 2147483647;
			files = (
				BAF8ACA1BED86CA24B424526 /* Accelerate.framework in Frameworks */,
				0AB2A4E964CA66E4F83FAD0A /* AudioToolbox.framework in Frameworks */,
				A06132F0B969C72278E3FA12 /* AVFoundation.framework in Frameworks */,
				3F4EEDA18DCF8DBE15FCF592 /* Carbon.framework in Frameworks */,
				89CCD2836A2DB89A4BD42B99 /* Cocoa.framework in Frameworks */,
				A139A428F8839B47327A414E /* CoreAudio.framework in Frameworks */,
				A95C8C217409EE9A6A2199D9 /* CoreMedia.framework in Frameworks */,
				56E56EEE8911C87E1C33B8A5 /* CoreMIDI.framework in Frameworks */,
				00602D39F367CA1FB0885787 /* DiscRecording.framework in Frameworks */,
				F83BE2B85003CF4B58E334C1 /* IOKit.framework in Frameworks */,
				4BCFCB6A85FD755AA4E77E7E /* OpenGL.framework in Frameworks */,
				ABFAAB284A0AD2A44DE6F076 /* QuartzCore.framework in Frameworks */,
				3272A6FCD0C06F21E7461CB6 /* WebKit.framework in Frameworks */,
			);
			runOnlyForDeploymentPostprocessing = 0;
		};
/* End PBXFrameworksBuildPhase section */

/* Begin PBXGroup section */
		0B861092DC0D5AD4915BBE3C /* audio */ = {
			isa = PBXGroup;
			children = (
				23B7085047A7C361C4BD2EC6 /* AudioDeviceCustom.h */,
				CF06617418BC8A0AEDE1AD08 /* AudioDeviceCustom.cpp */,
				9CF683FFD424F3DC57E2FB46 /* Synthesis.h */,
				002D0202AC1C62CF832DCDF8 /* Synthesis.cpp */,
			);
			name = audio;
			sourceTree = "<group>";
		};
		20BE356397F02E593703A61C /* components */ = {
			isa = PBXGroup;
			children = (
				C068F15671E0FFADE0AC955A /* ColourSquare.h */,
				B8D98AE03584EC29488128F2 /* RatioFormula.h */,
				323AD5ED897E89254DF18473 /* StatsBar.h */,
			);
			name = components;
			sourceTree = "<group>";
		};
		36C2869B0A3D801182D5C49A /* Resources */ = {
			isa = PBXGroup;
			children = (
				C878952983106C28B6729C58 /* Info-App.plist */,
				A57CF0E12783FC6E1CB22B25 /* RecentFilesMenuTemplate.nib */,
			);
			name = Resources;
			sourceTree = "<group>";
		};
		3D00DE40A68F725BDA0909EA /* menu */ = {
			isa = PBXGroup;
			children = (
				5C4DF8DB5661DE9143B2C2BA /* AudioSettings.h */,
			);
			name = menu;
			sourceTree = "<group>";
		};
		4EAB6F78B722CCF771DBA1EB /* Frameworks */ = {
			isa = PBXGroup;
			children = (
				DDBEBC03AC3A28047B3EEC87 /* Accelerate.framework */,
				D47C65CB7DB8FB8DE24E75BF /* AudioToolbox.framework */,
				14CF71C2C30179EA90B29313 /* AVFoundation.framework */,
				57FD5CDA9D03E7346D3D6BE0 /* Carbon.framework */,
				31EA136230F39DED561E020F /* Cocoa.framework */,
				13C5E225F6DEE7BB5F514741 /* CoreAudio.framework */,
				BBE8D9B62FC33EA391F7CA5B /* CoreMedia.framework */,
				2DD8A5284C6ABCAA9C742B62 /* CoreMIDI.framework */,
				3EC07D9D8A1C48B2FE10DECB /* DiscRecording.framework */,
				701BCF7D49EB1EBEAA12BB57 /* IOKit.framework */,
				F32845FFCBC5A2A1D0069E3A /* OpenGL.framework */,
				846498D60D9486F7AF032EDF /* QuartzCore.framework */,
				907DF3B79394CB680A14122B /* WebKit.framework */,
			);
			name = Frameworks;
			sourceTree = "<group>";
		};
		80F4B8E7A71BAAE5FF35F876 /* utils */ = {
			isa = PBXGroup;
			children = (
				4ECEEBAD6CAB0AB22AACA3BC /* CustomTimer.h */,
			);
			name = utils;
			sourceTree = "<group>";
		};
		A66AA3B6C2E1227BA4464876 /* Source */ = {
			isa = PBXGroup;
			children = (
				CB7A574696FB69CFC9B1B055 /* Harmonic Spectrum */,
				E84E40F16A099545A1BFC9A0 /* Juce Modules */,
				F515D10DCE181207E13CB984 /* Juce Library Code */,
				36C2869B0A3D801182D5C49A /* Resources */,
				4EAB6F78B722CCF771DBA1EB /* Frameworks */,
				D189594E91B397A0877B9360 /* Products */,
			);
			name = Source;
			sourceTree = "<group>";
		};
		AC0D26E1A4AF9E5F99C4C095 /* core */ = {
			isa = PBXGroup;
			children = (
				0B861092DC0D5AD4915BBE3C /* audio */,
				10D74B11869BF5459FB96361 /* Config.h */,
				927574BF960B848DDEF2B337 /* Config.cpp */,
				0379A2295FDD7B68AAB52645 /* User.h */,
				BA50D2F0F9859695B530DCA2 /* Session.h */,
				0B3EEA4228B37E4ACE01D764 /* Question.h */,
				6F6E0E3AAF57AC959B875543 /* QuestionBuilder.h */,
				6D90D89E2C2DC2C5FA973D67 /* QuestionBuilder.cpp */,
				CFC062583CC4593B9CABE698 /* AnswerChecker.h */,
				05FC7230161A8D465D693584 /* AnswerChecker.cpp */,
				4888EE2C24AB889BDF3E2DA7 /* StatsBuilder.h */,
				753454AC440FCEBBCC15CB2F /* StatsBuilder.cpp */,
				73D1D1C9CE3D8F6A01115A35 /* StatsSheet.h */,
				F8200D00925CBEDE5EAAA9F8 /* Report.h */,
				319B0E61974E138CDFA6184C /* ReportBuilder.h */,
				C0EBC56D5FDC592DC3C42120 /* ReportBuilder.cpp */,
				58B6EE9EC01D2425BE79BD60 /* Partials.h */,
				2EBEEA6CF76368F0B539C133 /* Comment.h */,
			);
			name = core;
			sourceTree = "<group>";
		};
		C0B0E7C8ACBD384B67ABB455 /* ratios */ = {
			isa = PBXGroup;
			children = (
				17F002C2DB41A11D74C9502A /* 1.png */,
				50771BC15E6CC3A47553E4DB /* 2.png */,
				0C259844BA0E869FCF39A27F /* 3.png */,
				30595219AF78D2E00F10D0A5 /* 4.png */,
				30D9E55D5DC72A27ECD9CAEF /* 5.png */,
				05D7D24DB65600E061AB63EF /* 6.png */,
				E5909B081831D25379D2D592 /* 7.png */,
				1EADDE372C93A7699B101677 /* 8.png */,
				229BB62FCB093306EE540175 /* 9.png */,
				48207CAF0DE9D2BB741D8227 /* 10.png */,
			);
			name = ratios;
			sourceTree = "<group>";
		};
		CB7A574696FB69CFC9B1B055 /* Harmonic Spectrum */ = {
			isa = PBXGroup;
			children = (
				FF116E5D4118DC18A538A2AB /* Main.cpp */,
				80DD879FB5D3BCC63DC8FE1F /* MainComponent.h */,
				8766AFF2605A3C9BFCED446A /* AudioTestComponent.h */,
				AC0D26E1A4AF9E5F99C4C095 /* core */,
				D1AEE672260F924602A5725C /* gui */,
				80F4B8E7A71BAAE5FF35F876 /* utils */,
			);
			name = "Harmonic Spectrum";
			sourceTree = "<group>";
		};
		D0BAC5B75A5E88BFF4311D89 /* img */ = {
			isa = PBXGroup;
			children = (
				C0B0E7C8ACBD384B67ABB455 /* ratios */,
				3949B1FF2B1ED31A4B0F8309 /* logo.png */,
			);
			name = img;
			sourceTree = "<group>";
		};
		D189594E91B397A0877B9360 /* Products */ = {
			isa = PBXGroup;
			children = (
				03D342A00C3A0B93270889A0 /* InnerEar Harmonic Spectrum.app */,
			);
			name = Products;
			sourceTree = "<group>";
		};
		D1AEE672260F924602A5725C /* gui */ = {
			isa = PBXGroup;
			children = (
				D0BAC5B75A5E88BFF4311D89 /* img */,
				20BE356397F02E593703A61C /* components */,
				3D00DE40A68F725BDA0909EA /* menu */,
				21730B32E03B82A2FF75265D /* MainApplication.h */,
				64240E580A5D043A76AB163C /* MainApplication.cpp */,
				0A1F75871D4C276041B9F0C9 /* UserConfigView.h */,
				0E5127F2C3103A04CB32474C /* ExerciseConfigView.h */,
				C17AE8E43C297AE9BF5953E9 /* HeaderView.h */,
				6E77E53CA047AF8F6545EEF7 /* MainWindow.h */,
				01DA0BBDB8F6B61D89B04839 /* MatrixView.h */,
				D39D9E669B8884A9D3EC4D95 /* VolumeView.h */,
				DB4BD6F2525B126FDB46C15B /* StatsView.h */,
			);
			name = gui;
			sourceTree = "<group>";
		};
		E84E40F16A099545A1BFC9A0 /* Juce Modules */ = {
			isa = PBXGroup;
			children = (
				560967F3C9E78ABFA83FF8C4 /* juce_audio_basics */,
				3BA17B430F13EC7D450C6C08 /* juce_audio_devices */,
				AD1BAE3225072C127ECE1E76 /* juce_audio_formats */,
				F7757F33C9497434034B63E5 /* juce_audio_processors */,
				AA3DC832F7AFED314FC19B21 /* juce_audio_utils */,
				DDF8309E342D0D55EE41A434 /* juce_core */,
				1D9F9D322CE2181E6E623E85 /* juce_cryptography */,
				C29E034F437BAF1A85653BBA /* juce_data_structures */,
				29AD706D3275605B05B0BAD5 /* juce_events */,
				EFEC2A7A759B190986D21CA4 /* juce_graphics */,
				C2BEAB8A9B31F70637CD00CE /* juce_gui_basics */,
				C8CB8C4B8E0C9C98791C83F9 /* juce_gui_extra */,
				30D73738E15B847226B33983 /* juce_opengl */,
				9B9AA1840E910FB5BB9AD908 /* juce_video */,
			);
			name = "Juce Modules";
			sourceTree = "<group>";
		};
		F515D10DCE181207E13CB984 /* Juce Library Code */ = {
			isa = PBXGroup;
			children = (
				7D149F2C4C05355A160FE20D /* AppConfig.h */,
				3BA9BBD3DA196A8C276DFE30 /* BinaryData.cpp */,
				4A686398DF6679DC21AA4CFE /* BinaryData.h */,
				4B90D6616A4442080B852F02 /* include_juce_audio_basics.mm */,
				3A73309DB2F0107500B0D58F /* include_juce_audio_devices.mm */,
				F00D41D20DFDBE874FB9B545 /* include_juce_audio_formats.mm */,
				52E0D22B0015CC8CFB6A7198 /* include_juce_audio_processors.mm */,
				A2DD16AAABD590384B31C396 /* include_juce_audio_utils.mm */,
				7789CC0F156C2D94CB4938A5 /* include_juce_core.mm */,
				26033E93317D5913C4804147 /* include_juce_cryptography.mm */,
				AC0B00D98A4C46851F41BBB0 /* include_juce_data_structures.mm */,
				E7BF9646132AC400C9C62271 /* include_juce_events.mm */,
				CC712DE3127F804094EF454A /* include_juce_graphics.mm */,
				AC35335FF94866EAA675A939 /* include_juce_gui_basics.mm */,
				3388A721F75F6D344D823044 /* include_juce_gui_extra.mm */,
				71710690CB8FDCB470B4866B /* include_juce_opengl.mm */,
				537BBDB684B22E3FFBE82E0D /* include_juce_video.mm */,
				66BE8FAAE0BF77E78FDEF901 /* JuceHeader.h */,
			);
			name = "Juce Library Code";
			sourceTree = "<group>";
		};
/* End PBXGroup section */

/* Begin PBXNativeTarget section */
		B66DCE5C82B190181D754ACC /* Harmonic Spectrum - App */ = {
			isa = PBXNativeTarget;
			buildConfigurationList = 88372F0216F01A1D0EED5EF3 /* Build configuration list for PBXNativeTarget "Harmonic Spectrum - App" */;
			buildPhases = (
				3C69AEF179B844280D8A6FD1 /* Resources */,
				C3325EC960531C18DFD6DFAC /* Sources */,
				3B1EFBE76AF96871A7D47A20 /* Frameworks */,
			);
			buildRules = (
			);
			dependencies = (
			);
			name = "Harmonic Spectrum - App";
			productName = "Harmonic Spectrum";
			productReference = 03D342A00C3A0B93270889A0 /* InnerEar Harmonic Spectrum.app */;
			productType = "com.apple.product-type.application";
		};
/* End PBXNativeTarget section */

/* Begin PBXProject section */
		BCCF2FB90E75296B396E163F /* Project object */ = {
			isa = PBXProject;
			attributes = {
				LastUpgradeCheck = 0830;
				TargetAttributes = {
					B66DCE5C82B190181D754ACC = {
						SystemCapabilities = {
							com.apple.ApplicationGroups.iOS = {
								enabled = 0;
							};
							com.apple.InAppPurchase = {
								enabled = 0;
							};
							com.apple.InterAppAudio = {
								enabled = 0;
							};
							com.apple.Push = {
								enabled = 0;
							};
							com.apple.Sandbox = {
								enabled = 0;
							};
						};
					};
				};
			};
			buildConfigurationList = 7F5627467D38C19CB6EC0345 /* Build configuration list for PBXProject "Harmonic Spectrum" */;
			compatibilityVersion = "Xcode 3.2";
			developmentRegion = en;
			hasScannedForEncodings = 0;
			knownRegions = (
				en,
			);
			mainGroup = A66AA3B6C2E1227BA4464876 /* Source */;
			projectDirPath = "";
			projectRoot = "";
			targets = (
				B66DCE5C82B190181D754ACC /* Harmonic Spectrum - App */,
			);
		};
/* End PBXProject section */

/* Begin PBXResourcesBuildPhase section */
		3C69AEF179B844280D8A6FD1 /* Resources */ = {
			isa = PBXResourcesBuildPhase;
			buildActionMask = 2147483647;
			files = (
				B048F8BFA3E38C948A54F523 /* RecentFilesMenuTemplate.nib in Resources */,
			);
			runOnlyForDeploymentPostprocessing = 0;
		};
/* End PBXResourcesBuildPhase section */

/* Begin PBXSourcesBuildPhase section */
		C3325EC960531C18DFD6DFAC /* Sources */ = {
			isa = PBXSourcesBuildPhase;
			buildActionMask = 2147483647;
			files = (
				C0146DCC8397E5665DDB79F2 /* Main.cpp in Sources */,
				E2B8AE7B9AC316D5BB823426 /* AudioDeviceCustom.cpp in Sources */,
				F068C990D55F07BC427A0A4B /* Synthesis.cpp in Sources */,
				16EDA469544FCDF17899D209 /* Config.cpp in Sources */,
				C7E603D6288A6552783AB19A /* QuestionBuilder.cpp in Sources */,
				1535073DF19F79A3366D8D52 /* AnswerChecker.cpp in Sources */,
				7566F3A1B66C0076117AF4F5 /* StatsBuilder.cpp in Sources */,
				E3914982B8A13E2DE498B723 /* ReportBuilder.cpp in Sources */,
				855441E5C0A88951415C9D66 /* MainApplication.cpp in Sources */,
				56061A5D130D7C43850D8F8B /* BinaryData.cpp in Sources */,
				2C6768F059FA54F99FE890FE /* include_juce_audio_basics.mm in Sources */,
				3F846F344CF0A48A19A6EFBF /* include_juce_audio_devices.mm in Sources */,
				CD8558028C96D2AA8712C4E0 /* include_juce_audio_formats.mm in Sources */,
				69E730465E857B00A829DB86 /* include_juce_audio_processors.mm in Sources */,
				097D4EFBE9B63F344D56C85B /* include_juce_audio_utils.mm in Sources */,
				A530AB6C901310103B83A9F1 /* include_juce_core.mm in Sources */,
				9D0C06CBC8BA9ABAD1E4C94F /* include_juce_cryptography.mm in Sources */,
				28AB2BA3AB09BBC225337386 /* include_juce_data_structures.mm in Sources */,
				3FC69D91EEA2FFADC25ED553 /* include_juce_events.mm in Sources */,
				A3EE47A2583EEBC482A9A41E /* include_juce_graphics.mm in Sources */,
				C7941FBEC6B468FEA11C1E64 /* include_juce_gui_basics.mm in Sources */,
				B53FADDE9F951FB02F366477 /* include_juce_gui_extra.mm in Sources */,
				4C3C89D947BB7273A9502494 /* include_juce_opengl.mm in Sources */,
				4CF2D9CA9A76B3A24633E328 /* include_juce_video.mm in Sources */,
			);
			runOnlyForDeploymentPostprocessing = 0;
		};
/* End PBXSourcesBuildPhase section */

/* Begin XCBuildConfiguration section */
		5A74D1B7FDBD6E2A7330BEAD /* Release */ = {
			isa = XCBuildConfiguration;
			buildSettings = {
				ALWAYS_SEARCH_USER_PATHS = NO;
				CLANG_WARN_BLOCK_CAPTURE_AUTORELEASING = YES;
				CLANG_WARN_BOOL_CONVERSION = YES;
				CLANG_WARN_COMMA = YES;
				CLANG_WARN_CONSTANT_CONVERSION = YES;
				CLANG_WARN_EMPTY_BODY = YES;
				CLANG_WARN_ENUM_CONVERSION = YES;
				CLANG_WARN_INFINITE_RECURSION = YES;
				CLANG_WARN_INT_CONVERSION = YES;
				CLANG_WARN_NON_LITERAL_NULL_CONVERSION = YES;
				CLANG_WARN_OBJC_LITERAL_CONVERSION = YES;
				CLANG_WARN_RANGE_LOOP_ANALYSIS = YES;
				CLANG_WARN_STRICT_PROTOTYPES = YES;
				CLANG_WARN_SUSPICIOUS_MOVE = YES;
				CLANG_WARN_UNREACHABLE_CODE = YES;
				CLANG_WARN__DUPLICATE_METHOD_MATCH = YES;
				DEBUG_INFORMATION_FORMAT = dwarf;
				ENABLE_STRICT_OBJC_MSGSEND = YES;
				GCC_C_LANGUAGE_STANDARD = c11;
				GCC_INLINES_ARE_PRIVATE_EXTERN = YES;
				GCC_MODEL_TUNING = G5;
				GCC_NO_COMMON_BLOCKS = YES;
				GCC_WARN_64_TO_32_BIT_CONVERSION = YES;
				GCC_WARN_ABOUT_RETURN_TYPE = YES;
				GCC_WARN_CHECK_SWITCH_STATEMENTS = YES;
				GCC_WARN_MISSING_PARENTHESES = YES;
				GCC_WARN_NON_VIRTUAL_DESTRUCTOR = YES;
				GCC_WARN_TYPECHECK_CALLS_TO_PRINTF = YES;
				GCC_WARN_UNDECLARED_SELECTOR = YES;
				GCC_WARN_UNINITIALIZED_AUTOS = YES;
				GCC_WARN_UNUSED_FUNCTION = YES;
				GCC_WARN_UNUSED_VARIABLE = YES;
				PRODUCT_NAME = "InnerEar Harmonic Spectrum";
				WARNING_CFLAGS = "-Wreorder";
				ZERO_LINK = NO;
			};
			name = Release;
		};
		643AE7D1CEB82990217D400F /* Debug */ = {
			isa = XCBuildConfiguration;
			buildSettings = {
				CLANG_CXX_LANGUAGE_STANDARD = "c++11";
				CLANG_LINK_OBJC_RUNTIME = NO;
				COMBINE_HIDPI_IMAGES = YES;
				CONFIGURATION_BUILD_DIR = "$(PROJECT_DIR)/build/$(CONFIGURATION)";
				COPY_PHASE_STRIP = NO;
				GCC_DYNAMIC_NO_PIC = NO;
				GCC_OPTIMIZATION_LEVEL = 0;
				GCC_PREPROCESSOR_DEFINITIONS = (
					"_DEBUG=1",
					"DEBUG=1",
					"JUCER_XCODE_MAC_F6D2F4CF=1",
					"JUCE_APP_VERSION=1.0.0",
					"JUCE_APP_VERSION_HEX=0x10000",
					"JucePlugin_Build_VST=0",
					"JucePlugin_Build_VST3=0",
					"JucePlugin_Build_AU=0",
					"JucePlugin_Build_AUv3=0",
					"JucePlugin_Build_RTAS=0",
					"JucePlugin_Build_AAX=0",
					"JucePlugin_Build_Standalone=0",
				);
				GCC_VERSION = com.apple.compilers.llvm.clang.1_0;
				HEADER_SEARCH_PATHS = (
					../../JuceLibraryCode,
					../../modules,
					"$(inherited)",
				);
				INFOPLIST_FILE = "Info-App.plist";
				INFOPLIST_PREPROCESS = NO;
				INSTALL_PATH = "$(HOME)/Applications";
				MACOSX_DEPLOYMENT_TARGET = 10.9;
				MACOSX_DEPLOYMENT_TARGET_ppc = 10.4;
				PRODUCT_BUNDLE_IDENTIFIER = com.juce.HarmonicSpectrum;
				SDKROOT_ppc = macosx10.5;
				USE_HEADERMAP = NO;
			};
			name = Debug;
		};
		A90C0F2897467DFC14BF2477 /* Debug */ = {
			isa = XCBuildConfiguration;
			buildSettings = {
				ALWAYS_SEARCH_USER_PATHS = NO;
				CLANG_WARN_BLOCK_CAPTURE_AUTORELEASING = YES;
				CLANG_WARN_BOOL_CONVERSION = YES;
				CLANG_WARN_COMMA = YES;
				CLANG_WARN_CONSTANT_CONVERSION = YES;
				CLANG_WARN_EMPTY_BODY = YES;
				CLANG_WARN_ENUM_CONVERSION = YES;
				CLANG_WARN_INFINITE_RECURSION = YES;
				CLANG_WARN_INT_CONVERSION = YES;
				CLANG_WARN_NON_LITERAL_NULL_CONVERSION = YES;
				CLANG_WARN_OBJC_LITERAL_CONVERSION = YES;
				CLANG_WARN_RANGE_LOOP_ANALYSIS = YES;
				CLANG_WARN_STRICT_PROTOTYPES = YES;
				CLANG_WARN_SUSPICIOUS_MOVE = YES;
				CLANG_WARN_UNREACHABLE_CODE = YES;
				CLANG_WARN__DUPLICATE_METHOD_MATCH = YES;
				DEBUG_INFORMATION_FORMAT = dwarf;
				ENABLE_STRICT_OBJC_MSGSEND = YES;
				ENABLE_TESTABILITY = YES;
				GCC_C_LANGUAGE_STANDARD = c11;
				GCC_INLINES_ARE_PRIVATE_EXTERN = YES;
				GCC_MODEL_TUNING = G5;
				GCC_NO_COMMON_BLOCKS = YES;
				GCC_WARN_64_TO_32_BIT_CONVERSION = YES;
				GCC_WARN_ABOUT_RETURN_TYPE = YES;
				GCC_WARN_CHECK_SWITCH_STATEMENTS = YES;
				GCC_WARN_MISSING_PARENTHESES = YES;
				GCC_WARN_NON_VIRTUAL_DESTRUCTOR = YES;
				GCC_WARN_TYPECHECK_CALLS_TO_PRINTF = YES;
				GCC_WARN_UNDECLARED_SELECTOR = YES;
				GCC_WARN_UNINITIALIZED_AUTOS = YES;
				GCC_WARN_UNUSED_FUNCTION = YES;
				GCC_WARN_UNUSED_VARIABLE = YES;
				ONLY_ACTIVE_ARCH = YES;
				PRODUCT_NAME = "InnerEar Harmonic Spectrum";
				WARNING_CFLAGS = "-Wreorder";
				ZERO_LINK = NO;
			};
			name = Debug;
		};
		CE1D48BF3544724CB2DA3782 /* Release */ = {
			isa = XCBuildConfiguration;
			buildSettings = {
				CLANG_CXX_LANGUAGE_STANDARD = "c++11";
				CLANG_LINK_OBJC_RUNTIME = NO;
				COMBINE_HIDPI_IMAGES = YES;
				CONFIGURATION_BUILD_DIR = "$(PROJECT_DIR)/build/$(CONFIGURATION)";
				DEAD_CODE_STRIPPING = YES;
				GCC_GENERATE_DEBUGGING_SYMBOLS = NO;
				GCC_OPTIMIZATION_LEVEL = s;
				GCC_PREPROCESSOR_DEFINITIONS = (
					"_NDEBUG=1",
					"NDEBUG=1",
					"JUCER_XCODE_MAC_F6D2F4CF=1",
					"JUCE_APP_VERSION=1.0.0",
					"JUCE_APP_VERSION_HEX=0x10000",
					"JucePlugin_Build_VST=0",
					"JucePlugin_Build_VST3=0",
					"JucePlugin_Build_AU=0",
					"JucePlugin_Build_AUv3=0",
					"JucePlugin_Build_RTAS=0",
					"JucePlugin_Build_AAX=0",
					"JucePlugin_Build_Standalone=0",
				);
				GCC_SYMBOLS_PRIVATE_EXTERN = YES;
				GCC_VERSION = com.apple.compilers.llvm.clang.1_0;
				HEADER_SEARCH_PATHS = (
					../../JuceLibraryCode,
					../../modules,
					"$(inherited)",
				);
				INFOPLIST_FILE = "Info-App.plist";
				INFOPLIST_PREPROCESS = NO;
				INSTALL_PATH = "$(HOME)/Applications";
				MACOSX_DEPLOYMENT_TARGET = 10.9;
				MACOSX_DEPLOYMENT_TARGET_ppc = 10.4;
				PRODUCT_BUNDLE_IDENTIFIER = com.juce.HarmonicSpectrum;
				SDKROOT_ppc = macosx10.5;
				USE_HEADERMAP = NO;
			};
			name = Release;
		};
/* End XCBuildConfiguration section */

/* Begin XCConfigurationList section */
		7F5627467D38C19CB6EC0345 /* Build configuration list for PBXProject "Harmonic Spectrum" */ = {
			isa = XCConfigurationList;
			buildConfigurations = (
				A90C0F2897467DFC14BF2477 /* Debug */,
				5A74D1B7FDBD6E2A7330BEAD /* Release */,
			);
			defaultConfigurationIsVisible = 0;
			defaultConfigurationName = Debug;
		};
		88372F0216F01A1D0EED5EF3 /* Build configuration list for PBXNativeTarget "Harmonic Spectrum - App" */ = {
			isa = XCConfigurationList;
			buildConfigurations = (
				643AE7D1CEB82990217D400F /* Debug */,
				CE1D48BF3544724CB2DA3782 /* Release */,
			);
			defaultConfigurationIsVisible = 0;
			defaultConfigurationName = Debug;
		};
/* End XCConfigurationList section */
	};
	rootObject = BCCF2FB90E75296B396E163F /* Project object */;
}
